
Microsoft Visual Studio Solution File, Format Version 12.00
# Visual Studio Version 18
VisualStudioVersion = 18.5.11612.153 insiders
MinimumVisualStudioVersion = 10.0.40219.1
Project("{FAE04EC0-301F-11D3-BF4B-00C04F79EFBC}") = "GnosticeLicenseActivator", "GnosticeLicenseActivator.csproj", "{0F55DFAD-F93C-7163-CFBC-EE3803F7EFCE}"
EndProject
Global
	GlobalSection(SolutionConfigurationPlatforms) = preSolution
		Debug|Any CPU = Debug|Any CPU
		Release|Any CPU = Release|Any CPU
	EndGlobalSection
	GlobalSection(ProjectConfigurationPlatforms) = postSolution
		{0F55DFAD-F93C-7163-CFBC-EE3803F7EFCE}.Debug|Any CPU.ActiveCfg = Debug|Any CPU
		{0F55DFAD-F93C-7163-CFBC-EE3803F7EFCE}.Debug|Any CPU.Build.0 = Debug|Any CPU
		{0F55DFAD-F93C-7163-CFBC-EE3803F7EFCE}.Release|Any CPU.ActiveCfg = Release|Any CPU
		{0F55DFAD-F93C-7163-CFBC-EE3803F7EFCE}.Release|Any CPU.Build.0 = Release|Any CPU
	EndGlobalSection
	GlobalSection(SolutionProperties) = preSolution
		HideSolutionNode = FALSE
	EndGlobalSection
	GlobalSection(ExtensibilityGlobals) = postSolution
		SolutionGuid = {B118980E-27EF-4A74-B363-7EBD55FCF43B}
	EndGlobalSection
EndGlobal
